
Microsoft Visual Studio Solution File, Format Version 12.00
# Visual Studio Version 17
VisualStudioVersion = 17.3.32922.545
MinimumVisualStudioVersion = 10.0.40219.1
Project("{FAE04EC0-301F-11D3-BF4B-00C04F79EFBC}") = "NUMBER ANALYZER", "NUMBER ANALYZER\NUMBER ANALYZER.csproj", "{6ACFFEA4-8E3E-4365-95BD-DBC8F90AB585}"
EndProject
Global
	GlobalSection(SolutionConfigurationPlatforms) = preSolution
		Debug|Any CPU = Debug|Any CPU
		Release|Any CPU = Release|Any CPU
	EndGlobalSection
	GlobalSection(ProjectConfigurationPlatforms) = postSolution
		{6ACFFEA4-8E3E-4365-95BD-DBC8F90AB585}.Debug|Any CPU.ActiveCfg = Debug|Any CPU
		{6ACFFEA4-8E3E-4365-95BD-DBC8F90AB585}.Debug|Any CPU.Build.0 = Debug|Any CPU
		{6ACFFEA4-8E3E-4365-95BD-DBC8F90AB585}.Release|Any CPU.ActiveCfg = Release|Any CPU
		{6ACFFEA4-8E3E-4365-95BD-DBC8F90AB585}.Release|Any CPU.Build.0 = Release|Any CPU
	EndGlobalSection
	GlobalSection(SolutionProperties) = preSolution
		HideSolutionNode = FALSE
	EndGlobalSection
	GlobalSection(ExtensibilityGlobals) = postSolution
		SolutionGuid = {EEFA5DCE-B111-4378-9AEC-85CDA7078462}
	EndGlobalSection
EndGlobal
